{
  "name": "js-unit-converter",
  "version": "1.1.0",
  "lockfileVersion": 2,
  "requires": true,
  "packages": {
    "": {
      "name": "js-unit-converter",
      "version": "1.1.0",
      "license": "MIT",
      "dependencies": {
        "js-unit-converter": "1.1.0"
      }
    },
    "node_modules/js-unit-converter": {
      "version": "1.0.0",
      "resolved": "https://registry.npmjs.org/js-unit-converter/-/js-unit-converter-1.0.0.tgz",
      "integrity": "sha512-0/wY/xgxxPOeoguh9yJlxMNyQ1c+nNI2PqAnpsU2DIG6io0tPy8iEpCH07lI/MPJVNR7O7kAtOmrhqeapeJaCA=="
    }
  },
  "dependencies": {
    "js-unit-converter": {
      "version": "1.1.0",
      "resolved": "https://registry.npmjs.org/js-unit-converter/-/js-unit-converter-1.0.0.tgz",
      "integrity": "sha512-0/wY/xgxxPOeoguh9yJlxMNyQ1c+nNI2PqAnpsU2DIG6io0tPy8iEpCH07lI/MPJVNR7O7kAtOmrhqeapeJaCA=="
    }
  }
}
